{
  "version": 4,
  "terraform_version": "1.15.8",
  "serial": 6,
  "lineage": "ad47f825-4416-0b1f-9c37-b4dfdc215663",
  "outputs": {
    "aws_region": {
      "value": "us-east-1",
      "type": "string"
    },
    "dynamodb_table_name": {
      "value": "ai-data-augmentor-companies",
      "type": "string"
    },
    "lambda_function_name": {
      "value": "ai-data-augmentor-api",
      "type": "string"
    }
  },
  "resources": [
    {
      "mode": "data",
      "type": "archive_file",
      "name": "lambda_zip",
      "provider": "provider[\"registry.terraform.io/hashicorp/archive\"]",
      "instances": [
        {
          "schema_version": 0,
          "attributes": {
            "exclude_symlink_directories": null,
            "excludes": null,
            "id": "fdfefcdf099c17febccc8d5b805c7a11106e51c9",
            "output_base64sha256": "sbyZ8VnQUjts4+8ALoqZ60NX8r0DKmdOZs3h2qPJNto=",
            "output_base64sha512": "saYGlrT+E/unpPe5iUXian6rX84usrrTcLWLK0yz/Bi5ngw91houK5lz31anzgkHHrv/01ePhYmsEklFxbsRyQ==",
            "output_file_mode": null,
            "output_md5": "9fab940f9f37d18f24b4c4df086ca32a",
            "output_path": "./lambda_function.zip",
            "output_sha": "fdfefcdf099c17febccc8d5b805c7a11106e51c9",
            "output_sha256": "b1bc99f159d0523b6ce3ef002e8a99eb4357f2bd032a674e66cde1daa3c936da",
            "output_sha512": "b1a60696b4fe13fba7a4f7b98945e26a7eab5fce2eb2bad370b58b2b4cb3fc18b99e0c3dd61a2e2b9973df56a7ce09071ebbffd3578f8589ac124945c5bb11c9",
            "output_size": 1188,
            "source": [],
            "source_content": null,
            "source_content_filename": null,
            "source_dir": null,
            "source_file": "./../lambda/lambda_function.py",
            "type": "zip"
          },
          "sensitive_attributes": [],
          "identity_schema_version": 0
        }
      ]
    },
    {
      "mode": "managed",
      "type": "aws_dynamodb_table",
      "name": "companies",
      "provider": "provider[\"registry.terraform.io/hashicorp/aws\"]",
      "instances": [
        {
          "schema_version": 1,
          "attributes": {
            "arn": "arn:aws:dynamodb:us-east-1:757957162443:table/ai-data-augmentor-companies",
            "attribute": [
              {
                "name": "company_name",
                "type": "S"
              }
            ],
            "billing_mode": "PAY_PER_REQUEST",
            "deletion_protection_enabled": false,
            "global_secondary_index": [],
            "global_table_witness": [],
            "hash_key": "company_name",
            "id": "ai-data-augmentor-companies",
            "import_table": [],
            "local_secondary_index": [],
            "name": "ai-data-augmentor-companies",
            "on_demand_throughput": [],
            "point_in_time_recovery": [
              {
                "enabled": false,
                "recovery_period_in_days": 0
              }
            ],
            "range_key": null,
            "read_capacity": 0,
            "region": "us-east-1",
            "replica": [],
            "restore_backup_arn": null,
            "restore_date_time": null,
            "restore_source_name": null,
            "restore_source_table_arn": null,
            "restore_to_latest_time": null,
            "server_side_encryption": [],
            "stream_arn": "",
            "stream_enabled": false,
            "stream_label": "",
            "stream_view_type": "",
            "table_class": "STANDARD",
            "tags": {
              "Owner": "Aleks-Obuhovskiy",
              "Project": "AI-Data-Augmentor"
            },
            "tags_all": {
              "Owner": "Aleks-Obuhovskiy",
              "Project": "AI-Data-Augmentor"
            },
            "timeouts": null,
            "ttl": [
              {
                "attribute_name": "",
                "enabled": false
              }
            ],
            "warm_throughput": [],
            "write_capacity": 0
          },
          "sensitive_attributes": [],
          "identity_schema_version": 0,
          "identity": {
            "account_id": "757957162443",
            "name": "ai-data-augmentor-companies",
            "region": "us-east-1"
          },
          "private": "eyJlMmJmYjczMC1lY2FhLTExZTYtOGY4OC0zNDM2M2JjN2M0YzAiOnsiY3JlYXRlIjoxODAwMDAwMDAwMDAwLCJkZWxldGUiOjYwMDAwMDAwMDAwMCwidXBkYXRlIjozNjAwMDAwMDAwMDAwfSwic2NoZW1hX3ZlcnNpb24iOiIxIn0="
        }
      ]
    },
    {
      "mode": "managed",
      "type": "aws_iam_role",
      "name": "lambda_role",
      "provider": "provider[\"registry.terraform.io/hashicorp/aws\"]",
      "instances": [
        {
          "schema_version": 0,
          "attributes": {
            "arn": "arn:aws:iam::757957162443:role/ai-data-augmentor-lambda-role",
            "assume_role_policy": "{\"Statement\":[{\"Action\":\"sts:AssumeRole\",\"Effect\":\"Allow\",\"Principal\":{\"Service\":\"lambda.amazonaws.com\"}}],\"Version\":\"2012-10-17\"}",
            "create_date": "2026-08-07T20:08:01Z",
            "description": "",
            "force_detach_policies": false,
            "id": "ai-data-augmentor-lambda-role",
            "inline_policy": [
              {
                "name": "ai-data-augmentor-lambda-policy",
                "policy": "{\"Version\":\"2012-10-17\",\"Statement\":[{\"Action\":[\"dynamodb:GetItem\",\"dynamodb:Scan\"],\"Effect\":\"Allow\",\"Resource\":\"arn:aws:dynamodb:us-east-1:757957162443:table/ai-data-augmentor-companies\"},{\"Action\":[\"logs:CreateLogGroup\",\"logs:CreateLogStream\",\"logs:PutLogEvents\"],\"Effect\":\"Allow\",\"Resource\":\"arn:aws:logs:*:*:*\"}]}"
              }
            ],
            "managed_policy_arns": [],
            "max_session_duration": 3600,
            "name": "ai-data-augmentor-lambda-role",
            "name_prefix": "",
            "path": "/",
            "permissions_boundary": "",
            "tags": {},
            "tags_all": {},
            "unique_id": "AROA3A6OEOXF4VIKJIHWS"
          },
          "sensitive_attributes": [],
          "identity_schema_version": 0,
          "identity": {
            "account_id": "757957162443",
            "name": "ai-data-augmentor-lambda-role"
          },
          "private": "bnVsbA=="
        }
      ]
    },
    {
      "mode": "managed",
      "type": "aws_iam_role_policy",
      "name": "lambda_policy",
      "provider": "provider[\"registry.terraform.io/hashicorp/aws\"]",
      "instances": [
        {
          "schema_version": 0,
          "attributes": {
            "id": "ai-data-augmentor-lambda-role:ai-data-augmentor-lambda-policy",
            "name": "ai-data-augmentor-lambda-policy",
            "name_prefix": "",
            "policy": "{\"Version\":\"2012-10-17\",\"Statement\":[{\"Action\":[\"dynamodb:GetItem\",\"dynamodb:Scan\"],\"Effect\":\"Allow\",\"Resource\":\"arn:aws:dynamodb:us-east-1:757957162443:table/ai-data-augmentor-companies\"},{\"Action\":[\"logs:CreateLogGroup\",\"logs:CreateLogStream\",\"logs:PutLogEvents\"],\"Effect\":\"Allow\",\"Resource\":\"arn:aws:logs:*:*:*\"}]}",
            "role": "ai-data-augmentor-lambda-role"
          },
          "sensitive_attributes": [],
          "identity_schema_version": 0,
          "identity": {
            "account_id": "757957162443",
            "name": "ai-data-augmentor-lambda-policy",
            "role": "ai-data-augmentor-lambda-role"
          },
          "private": "bnVsbA==",
          "dependencies": [
            "aws_dynamodb_table.companies",
            "aws_iam_role.lambda_role"
          ]
        }
      ]
    },
    {
      "mode": "managed",
      "type": "aws_lambda_function",
      "name": "company_api",
      "provider": "provider[\"registry.terraform.io/hashicorp/aws\"]",
      "instances": [
        {
          "schema_version": 0,
          "attributes": {
            "architectures": [
              "x86_64"
            ],
            "arn": "arn:aws:lambda:us-east-1:757957162443:function:ai-data-augmentor-api",
            "capacity_provider_config": [],
            "code_sha256": "sbyZ8VnQUjts4+8ALoqZ60NX8r0DKmdOZs3h2qPJNto=",
            "code_signing_config_arn": "",
            "dead_letter_config": [],
            "description": "",
            "durable_config": [],
            "environment": [
              {
                "variables": {
                  "TABLE_NAME": "ai-data-augmentor-companies"
                }
              }
            ],
            "ephemeral_storage": [
              {
                "size": 512
              }
            ],
            "file_system_config": [],
            "filename": "./lambda_function.zip",
            "function_name": "ai-data-augmentor-api",
            "handler": "lambda_function.lambda_handler",
            "id": "ai-data-augmentor-api",
            "image_config": [],
            "image_uri": "",
            "invoke_arn": "arn:aws:apigateway:us-east-1:lambda:path/2015-03-31/functions/arn:aws:lambda:us-east-1:757957162443:function:ai-data-augmentor-api/invocations",
            "kms_key_arn": "",
            "last_modified": "2026-08-07T20:08:12.785+0000",
            "layers": [],
            "logging_config": [
              {
                "application_log_level": "",
                "log_format": "Text",
                "log_group": "/aws/lambda/ai-data-augmentor-api",
                "system_log_level": ""
              }
            ],
            "memory_size": 128,
            "package_type": "Zip",
            "publish": false,
            "publish_to": null,
            "qualified_arn": "arn:aws:lambda:us-east-1:757957162443:function:ai-data-augmentor-api:$LATEST",
            "qualified_invoke_arn": "arn:aws:apigateway:us-east-1:lambda:path/2015-03-31/functions/arn:aws:lambda:us-east-1:757957162443:function:ai-data-augmentor-api:$LATEST/invocations",
            "region": "us-east-1",
            "replace_security_groups_on_destroy": null,
            "replacement_security_group_ids": null,
            "reserved_concurrent_executions": -1,
            "response_streaming_invoke_arn": "arn:aws:apigateway:us-east-1:lambda:path/2021-11-15/functions/arn:aws:lambda:us-east-1:757957162443:function:ai-data-augmentor-api/response-streaming-invocations",
            "role": "arn:aws:iam::757957162443:role/ai-data-augmentor-lambda-role",
            "runtime": "python3.13",
            "s3_bucket": null,
            "s3_key": null,
            "s3_object_version": null,
            "signing_job_arn": "",
            "signing_profile_version_arn": "",
            "skip_destroy": false,
            "snap_start": [],
            "source_code_hash": "sbyZ8VnQUjts4+8ALoqZ60NX8r0DKmdOZs3h2qPJNto=",
            "source_code_size": 1188,
            "source_kms_key_arn": "",
            "tags": {
              "Owner": "Aleks-Obuhovskiy",
              "Project": "AI-Data-Augmentor"
            },
            "tags_all": {
              "Owner": "Aleks-Obuhovskiy",
              "Project": "AI-Data-Augmentor"
            },
            "tenancy_config": [],
            "timeout": 10,
            "timeouts": null,
            "tracing_config": [
              {
                "mode": "PassThrough"
              }
            ],
            "use_resource_timeout_for_propagation": null,
            "version": "$LATEST",
            "vpc_config": []
          },
          "sensitive_attributes": [],
          "identity_schema_version": 0,
          "identity": {
            "account_id": "757957162443",
            "function_name": "ai-data-augmentor-api",
            "region": "us-east-1"
          },
          "private": "eyJlMmJmYjczMC1lY2FhLTExZTYtOGY4OC0zNDM2M2JjN2M0YzAiOnsiY3JlYXRlIjo2MDAwMDAwMDAwMDAsImRlbGV0ZSI6NjAwMDAwMDAwMDAwLCJ1cGRhdGUiOjYwMDAwMDAwMDAwMH19",
          "dependencies": [
            "aws_dynamodb_table.companies",
            "aws_iam_role.lambda_role",
            "data.archive_file.lambda_zip"
          ]
        }
      ]
    }
  ],
  "check_results": null
}
